
Microsoft Visual Studio Solution File, Format Version 12.00
# Visual Studio Version 17
VisualStudioVersion = 17.5.002.0
MinimumVisualStudioVersion = 10.0.40219.1
Project("{2150E333-8FDC-42A3-9474-1A3956D46DE8}") = "Back", "Back", "{C5319472-524D-4334-9B7B-7716F24EA63D}"
EndProject
Project("{2150E333-8FDC-42A3-9474-1A3956D46DE8}") = "src", "src", "{05AE2563-4C04-45ED-A73A-A615220C31BF}"
EndProject
Project("{9A19103F-16F7-4668-BE54-9A1E7A4F7556}") = "ProEventos.API", "Back\src\ProEventos.API\ProEventos.API.csproj", "{A621F2FB-3346-4FD1-B556-18B45FF8B5EC}"
EndProject
Global
	GlobalSection(SolutionConfigurationPlatforms) = preSolution
		Debug|Any CPU = Debug|Any CPU
		Release|Any CPU = Release|Any CPU
	EndGlobalSection
	GlobalSection(ProjectConfigurationPlatforms) = postSolution
		{A621F2FB-3346-4FD1-B556-18B45FF8B5EC}.Debug|Any CPU.ActiveCfg = Debug|Any CPU
		{A621F2FB-3346-4FD1-B556-18B45FF8B5EC}.Debug|Any CPU.Build.0 = Debug|Any CPU
		{A621F2FB-3346-4FD1-B556-18B45FF8B5EC}.Release|Any CPU.ActiveCfg = Release|Any CPU
		{A621F2FB-3346-4FD1-B556-18B45FF8B5EC}.Release|Any CPU.Build.0 = Release|Any CPU
	EndGlobalSection
	GlobalSection(SolutionProperties) = preSolution
		HideSolutionNode = FALSE
	EndGlobalSection
	GlobalSection(NestedProjects) = preSolution
		{05AE2563-4C04-45ED-A73A-A615220C31BF} = {C5319472-524D-4334-9B7B-7716F24EA63D}
		{A621F2FB-3346-4FD1-B556-18B45FF8B5EC} = {05AE2563-4C04-45ED-A73A-A615220C31BF}
	EndGlobalSection
	GlobalSection(ExtensibilityGlobals) = postSolution
		SolutionGuid = {E2CC1BA5-AF4D-4207-B4AF-A67BE574BFDF}
	EndGlobalSection
EndGlobal
